
Microsoft Visual Studio Solution File, Format Version 12.00
# Visual Studio 15
VisualStudioVersion = 15.0.26124.0
MinimumVisualStudioVersion = 15.0.26124.0
Project("{2150E333-8FDC-42A3-9474-1A3956D46DE8}") = "src", "src", "{860ED034-A42C-4B27-80DA-631EE0943B84}"
EndProject
Project("{FAE04EC0-301F-11D3-BF4B-00C04F79EFBC}") = "SimpleAPI", "src\SimpleAPI\SimpleAPI.csproj", "{74C29417-6162-4E57-96EA-EC22C98FADE0}"
EndProject
Project("{2150E333-8FDC-42A3-9474-1A3956D46DE8}") = "test", "test", "{5FD2A797-F588-4BF4-B1A9-887FE2A3DC3E}"
EndProject
Project("{FAE04EC0-301F-11D3-BF4B-00C04F79EFBC}") = "SimpleAPI.Test", "test\SimpleAPI.Test\SimpleAPI.Test.csproj", "{27189103-0ECF-4B8A-A1D1-4771BE63959B}"
EndProject
Global
	GlobalSection(SolutionConfigurationPlatforms) = preSolution
		Debug|Any CPU = Debug|Any CPU
		Debug|x64 = Debug|x64
		Debug|x86 = Debug|x86
		Release|Any CPU = Release|Any CPU
		Release|x64 = Release|x64
		Release|x86 = Release|x86
	EndGlobalSection
	GlobalSection(SolutionProperties) = preSolution
		HideSolutionNode = FALSE
	EndGlobalSection
	GlobalSection(ProjectConfigurationPlatforms) = postSolution
		{74C29417-6162-4E57-96EA-EC22C98FADE0}.Debug|Any CPU.ActiveCfg = Debug|Any CPU
		{74C29417-6162-4E57-96EA-EC22C98FADE0}.Debug|Any CPU.Build.0 = Debug|Any CPU
		{74C29417-6162-4E57-96EA-EC22C98FADE0}.Debug|x64.ActiveCfg = Debug|Any CPU
		{74C29417-6162-4E57-96EA-EC22C98FADE0}.Debug|x64.Build.0 = Debug|Any CPU
		{74C29417-6162-4E57-96EA-EC22C98FADE0}.Debug|x86.ActiveCfg = Debug|Any CPU
		{74C29417-6162-4E57-96EA-EC22C98FADE0}.Debug|x86.Build.0 = Debug|Any CPU
		{74C29417-6162-4E57-96EA-EC22C98FADE0}.Release|Any CPU.ActiveCfg = Release|Any CPU
		{74C29417-6162-4E57-96EA-EC22C98FADE0}.Release|Any CPU.Build.0 = Release|Any CPU
		{74C29417-6162-4E57-96EA-EC22C98FADE0}.Release|x64.ActiveCfg = Release|Any CPU
		{74C29417-6162-4E57-96EA-EC22C98FADE0}.Release|x64.Build.0 = Release|Any CPU
		{74C29417-6162-4E57-96EA-EC22C98FADE0}.Release|x86.ActiveCfg = Release|Any CPU
		{74C29417-6162-4E57-96EA-EC22C98FADE0}.Release|x86.Build.0 = Release|Any CPU
		{27189103-0ECF-4B8A-A1D1-4771BE63959B}.Debug|Any CPU.ActiveCfg = Debug|Any CPU
		{27189103-0ECF-4B8A-A1D1-4771BE63959B}.Debug|Any CPU.Build.0 = Debug|Any CPU
		{27189103-0ECF-4B8A-A1D1-4771BE63959B}.Debug|x64.ActiveCfg = Debug|Any CPU
		{27189103-0ECF-4B8A-A1D1-4771BE63959B}.Debug|x64.Build.0 = Debug|Any CPU
		{27189103-0ECF-4B8A-A1D1-4771BE63959B}.Debug|x86.ActiveCfg = Debug|Any CPU
		{27189103-0ECF-4B8A-A1D1-4771BE63959B}.Debug|x86.Build.0 = Debug|Any CPU
		{27189103-0ECF-4B8A-A1D1-4771BE63959B}.Release|Any CPU.ActiveCfg = Release|Any CPU
		{27189103-0ECF-4B8A-A1D1-4771BE63959B}.Release|Any CPU.Build.0 = Release|Any CPU
		{27189103-0ECF-4B8A-A1D1-4771BE63959B}.Release|x64.ActiveCfg = Release|Any CPU
		{27189103-0ECF-4B8A-A1D1-4771BE63959B}.Release|x64.Build.0 = Release|Any CPU
		{27189103-0ECF-4B8A-A1D1-4771BE63959B}.Release|x86.ActiveCfg = Release|Any CPU
		{27189103-0ECF-4B8A-A1D1-4771BE63959B}.Release|x86.Build.0 = Release|Any CPU
	EndGlobalSection
	GlobalSection(NestedProjects) = preSolution
		{74C29417-6162-4E57-96EA-EC22C98FADE0} = {860ED034-A42C-4B27-80DA-631EE0943B84}
		{27189103-0ECF-4B8A-A1D1-4771BE63959B} = {5FD2A797-F588-4BF4-B1A9-887FE2A3DC3E}
	EndGlobalSection
EndGlobal
